
Microsoft Visual Studio Solution File, Format Version 12.00
# Visual Studio 15
VisualStudioVersion = 15.0.26124.0
MinimumVisualStudioVersion = 15.0.26124.0
Project("{FAE04EC0-301F-11D3-BF4B-00C04F79EFBC}") = "OpenLicence.Application", "OpenLicence.Application\OpenLicence.Application.csproj", "{C9436646-04AE-4C2A-A9DB-5990F3AA883E}"
EndProject
Project("{FAE04EC0-301F-11D3-BF4B-00C04F79EFBC}") = "OpenLicence.Domain", "OpenLicence.Domain\OpenLicence.Domain.csproj", "{CFB8E0A9-FE4A-4AC7-8766-ADB56EBC8E00}"
EndProject
Project("{2150E333-8FDC-42A3-9474-1A3956D46DE8}") = "OpenLicence.Infra", "OpenLicence.Infra", "{E886F72F-2556-4D63-B42D-16281DF36A29}"
EndProject
Project("{FAE04EC0-301F-11D3-BF4B-00C04F79EFBC}") = "OpenLicence.Infra.Data", "OpenLicence.Infra\OpenLicence.Infra.Data\OpenLicence.Infra.Data.csproj", "{647B45BF-DFEA-4D05-852E-AA592480501D}"
EndProject
Project("{FAE04EC0-301F-11D3-BF4B-00C04F79EFBC}") = "OpenLicence.Infra.IoC", "OpenLicence.Infra\OpenLicence.Infra.IoC\OpenLicence.Infra.IoC.csproj", "{F5DD5C00-998F-4F33-AA3D-C5F37641CBFF}"
EndProject
Project("{2150E333-8FDC-42A3-9474-1A3956D46DE8}") = "OpenLicence.Presentation", "OpenLicence.Presentation", "{63F4E176-9562-43F4-A0F7-7C470B88A769}"
EndProject
Project("{FAE04EC0-301F-11D3-BF4B-00C04F79EFBC}") = "OpenLicence.Presentation.API", "OpenLicence.Presentation\OpenLicence.Presentation.API\OpenLicence.Presentation.API.csproj", "{2727EDB5-779D-4A48-A6A2-BDBD16EFEB68}"
EndProject
Project("{FAE04EC0-301F-11D3-BF4B-00C04F79EFBC}") = "OpenLicence.Tests", "OpenLicence.Tests\OpenLicence.Tests.csproj", "{17F02565-3BD4-4EB8-A384-82F156CD9306}"
EndProject
Global
	GlobalSection(SolutionConfigurationPlatforms) = preSolution
		Debug|Any CPU = Debug|Any CPU
		Debug|x64 = Debug|x64
		Debug|x86 = Debug|x86
		Release|Any CPU = Release|Any CPU
		Release|x64 = Release|x64
		Release|x86 = Release|x86
	EndGlobalSection
	GlobalSection(SolutionProperties) = preSolution
		HideSolutionNode = FALSE
	EndGlobalSection
	GlobalSection(ProjectConfigurationPlatforms) = postSolution
		{C9436646-04AE-4C2A-A9DB-5990F3AA883E}.Debug|Any CPU.ActiveCfg = Debug|Any CPU
		{C9436646-04AE-4C2A-A9DB-5990F3AA883E}.Debug|Any CPU.Build.0 = Debug|Any CPU
		{C9436646-04AE-4C2A-A9DB-5990F3AA883E}.Debug|x64.ActiveCfg = Debug|Any CPU
		{C9436646-04AE-4C2A-A9DB-5990F3AA883E}.Debug|x64.Build.0 = Debug|Any CPU
		{C9436646-04AE-4C2A-A9DB-5990F3AA883E}.Debug|x86.ActiveCfg = Debug|Any CPU
		{C9436646-04AE-4C2A-A9DB-5990F3AA883E}.Debug|x86.Build.0 = Debug|Any CPU
		{C9436646-04AE-4C2A-A9DB-5990F3AA883E}.Release|Any CPU.ActiveCfg = Release|Any CPU
		{C9436646-04AE-4C2A-A9DB-5990F3AA883E}.Release|Any CPU.Build.0 = Release|Any CPU
		{C9436646-04AE-4C2A-A9DB-5990F3AA883E}.Release|x64.ActiveCfg = Release|Any CPU
		{C9436646-04AE-4C2A-A9DB-5990F3AA883E}.Release|x64.Build.0 = Release|Any CPU
		{C9436646-04AE-4C2A-A9DB-5990F3AA883E}.Release|x86.ActiveCfg = Release|Any CPU
		{C9436646-04AE-4C2A-A9DB-5990F3AA883E}.Release|x86.Build.0 = Release|Any CPU
		{CFB8E0A9-FE4A-4AC7-8766-ADB56EBC8E00}.Debug|Any CPU.ActiveCfg = Debug|Any CPU
		{CFB8E0A9-FE4A-4AC7-8766-ADB56EBC8E00}.Debug|Any CPU.Build.0 = Debug|Any CPU
		{CFB8E0A9-FE4A-4AC7-8766-ADB56EBC8E00}.Debug|x64.ActiveCfg = Debug|Any CPU
		{CFB8E0A9-FE4A-4AC7-8766-ADB56EBC8E00}.Debug|x64.Build.0 = Debug|Any CPU
		{CFB8E0A9-FE4A-4AC7-8766-ADB56EBC8E00}.Debug|x86.ActiveCfg = Debug|Any CPU
		{CFB8E0A9-FE4A-4AC7-8766-ADB56EBC8E00}.Debug|x86.Build.0 = Debug|Any CPU
		{CFB8E0A9-FE4A-4AC7-8766-ADB56EBC8E00}.Release|Any CPU.ActiveCfg = Release|Any CPU
		{CFB8E0A9-FE4A-4AC7-8766-ADB56EBC8E00}.Release|Any CPU.Build.0 = Release|Any CPU
		{CFB8E0A9-FE4A-4AC7-8766-ADB56EBC8E00}.Release|x64.ActiveCfg = Release|Any CPU
		{CFB8E0A9-FE4A-4AC7-8766-ADB56EBC8E00}.Release|x64.Build.0 = Release|Any CPU
		{CFB8E0A9-FE4A-4AC7-8766-ADB56EBC8E00}.Release|x86.ActiveCfg = Release|Any CPU
		{CFB8E0A9-FE4A-4AC7-8766-ADB56EBC8E00}.Release|x86.Build.0 = Release|Any CPU
		{647B45BF-DFEA-4D05-852E-AA592480501D}.Debug|Any CPU.ActiveCfg = Debug|Any CPU
		{647B45BF-DFEA-4D05-852E-AA592480501D}.Debug|Any CPU.Build.0 = Debug|Any CPU
		{647B45BF-DFEA-4D05-852E-AA592480501D}.Debug|x64.ActiveCfg = Debug|Any CPU
		{647B45BF-DFEA-4D05-852E-AA592480501D}.Debug|x64.Build.0 = Debug|Any CPU
		{647B45BF-DFEA-4D05-852E-AA592480501D}.Debug|x86.ActiveCfg = Debug|Any CPU
		{647B45BF-DFEA-4D05-852E-AA592480501D}.Debug|x86.Build.0 = Debug|Any CPU
		{647B45BF-DFEA-4D05-852E-AA592480501D}.Release|Any CPU.ActiveCfg = Release|Any CPU
		{647B45BF-DFEA-4D05-852E-AA592480501D}.Release|Any CPU.Build.0 = Release|Any CPU
		{647B45BF-DFEA-4D05-852E-AA592480501D}.Release|x64.ActiveCfg = Release|Any CPU
		{647B45BF-DFEA-4D05-852E-AA592480501D}.Release|x64.Build.0 = Release|Any CPU
		{647B45BF-DFEA-4D05-852E-AA592480501D}.Release|x86.ActiveCfg = Release|Any CPU
		{647B45BF-DFEA-4D05-852E-AA592480501D}.Release|x86.Build.0 = Release|Any CPU
		{F5DD5C00-998F-4F33-AA3D-C5F37641CBFF}.Debug|Any CPU.ActiveCfg = Debug|Any CPU
		{F5DD5C00-998F-4F33-AA3D-C5F37641CBFF}.Debug|Any CPU.Build.0 = Debug|Any CPU
		{F5DD5C00-998F-4F33-AA3D-C5F37641CBFF}.Debug|x64.ActiveCfg = Debug|Any CPU
		{F5DD5C00-998F-4F33-AA3D-C5F37641CBFF}.Debug|x64.Build.0 = Debug|Any CPU
		{F5DD5C00-998F-4F33-AA3D-C5F37641CBFF}.Debug|x86.ActiveCfg = Debug|Any CPU
		{F5DD5C00-998F-4F33-AA3D-C5F37641CBFF}.Debug|x86.Build.0 = Debug|Any CPU
		{F5DD5C00-998F-4F33-AA3D-C5F37641CBFF}.Release|Any CPU.ActiveCfg = Release|Any CPU
		{F5DD5C00-998F-4F33-AA3D-C5F37641CBFF}.Release|Any CPU.Build.0 = Release|Any CPU
		{F5DD5C00-998F-4F33-AA3D-C5F37641CBFF}.Release|x64.ActiveCfg = Release|Any CPU
		{F5DD5C00-998F-4F33-AA3D-C5F37641CBFF}.Release|x64.Build.0 = Release|Any CPU
		{F5DD5C00-998F-4F33-AA3D-C5F37641CBFF}.Release|x86.ActiveCfg = Release|Any CPU
		{F5DD5C00-998F-4F33-AA3D-C5F37641CBFF}.Release|x86.Build.0 = Release|Any CPU
		{2727EDB5-779D-4A48-A6A2-BDBD16EFEB68}.Debug|Any CPU.ActiveCfg = Debug|Any CPU
		{2727EDB5-779D-4A48-A6A2-BDBD16EFEB68}.Debug|Any CPU.Build.0 = Debug|Any CPU
		{2727EDB5-779D-4A48-A6A2-BDBD16EFEB68}.Debug|x64.ActiveCfg = Debug|Any CPU
		{2727EDB5-779D-4A48-A6A2-BDBD16EFEB68}.Debug|x64.Build.0 = Debug|Any CPU
		{2727EDB5-779D-4A48-A6A2-BDBD16EFEB68}.Debug|x86.ActiveCfg = Debug|Any CPU
		{2727EDB5-779D-4A48-A6A2-BDBD16EFEB68}.Debug|x86.Build.0 = Debug|Any CPU
		{2727EDB5-779D-4A48-A6A2-BDBD16EFEB68}.Release|Any CPU.ActiveCfg = Release|Any CPU
		{2727EDB5-779D-4A48-A6A2-BDBD16EFEB68}.Release|Any CPU.Build.0 = Release|Any CPU
		{2727EDB5-779D-4A48-A6A2-BDBD16EFEB68}.Release|x64.ActiveCfg = Release|Any CPU
		{2727EDB5-779D-4A48-A6A2-BDBD16EFEB68}.Release|x64.Build.0 = Release|Any CPU
		{2727EDB5-779D-4A48-A6A2-BDBD16EFEB68}.Release|x86.ActiveCfg = Release|Any CPU
		{2727EDB5-779D-4A48-A6A2-BDBD16EFEB68}.Release|x86.Build.0 = Release|Any CPU
		{17F02565-3BD4-4EB8-A384-82F156CD9306}.Debug|Any CPU.ActiveCfg = Debug|Any CPU
		{17F02565-3BD4-4EB8-A384-82F156CD9306}.Debug|Any CPU.Build.0 = Debug|Any CPU
		{17F02565-3BD4-4EB8-A384-82F156CD9306}.Debug|x64.ActiveCfg = Debug|Any CPU
		{17F02565-3BD4-4EB8-A384-82F156CD9306}.Debug|x64.Build.0 = Debug|Any CPU
		{17F02565-3BD4-4EB8-A384-82F156CD9306}.Debug|x86.ActiveCfg = Debug|Any CPU
		{17F02565-3BD4-4EB8-A384-82F156CD9306}.Debug|x86.Build.0 = Debug|Any CPU
		{17F02565-3BD4-4EB8-A384-82F156CD9306}.Release|Any CPU.ActiveCfg = Release|Any CPU
		{17F02565-3BD4-4EB8-A384-82F156CD9306}.Release|Any CPU.Build.0 = Release|Any CPU
		{17F02565-3BD4-4EB8-A384-82F156CD9306}.Release|x64.ActiveCfg = Release|Any CPU
		{17F02565-3BD4-4EB8-A384-82F156CD9306}.Release|x64.Build.0 = Release|Any CPU
		{17F02565-3BD4-4EB8-A384-82F156CD9306}.Release|x86.ActiveCfg = Release|Any CPU
		{17F02565-3BD4-4EB8-A384-82F156CD9306}.Release|x86.Build.0 = Release|Any CPU
	EndGlobalSection
	GlobalSection(NestedProjects) = preSolution
		{647B45BF-DFEA-4D05-852E-AA592480501D} = {E886F72F-2556-4D63-B42D-16281DF36A29}
		{F5DD5C00-998F-4F33-AA3D-C5F37641CBFF} = {E886F72F-2556-4D63-B42D-16281DF36A29}
		{2727EDB5-779D-4A48-A6A2-BDBD16EFEB68} = {63F4E176-9562-43F4-A0F7-7C470B88A769}
	EndGlobalSection
EndGlobal
